
Microsoft Visual Studio Solution File, Format Version 12.00
# Visual Studio 15
VisualStudioVersion = 15.0.28307.705
MinimumVisualStudioVersion = 10.0.40219.1
Project("{FAE04EC0-301F-11D3-BF4B-00C04F79EFBC}") = "Maze", "Maze.csproj", "{414999C9-660F-4169-9EF7-FD140AE2F2D5}"
EndProject
Global
	GlobalSection(SolutionConfigurationPlatforms) = preSolution
		Debug|Any CPU = Debug|Any CPU
		Release|Any CPU = Release|Any CPU
	EndGlobalSection
	GlobalSection(ProjectConfigurationPlatforms) = postSolution
		{414999C9-660F-4169-9EF7-FD140AE2F2D5}.Debug|Any CPU.ActiveCfg = Debug|Any CPU
		{414999C9-660F-4169-9EF7-FD140AE2F2D5}.Debug|Any CPU.Build.0 = Debug|Any CPU
		{414999C9-660F-4169-9EF7-FD140AE2F2D5}.Release|Any CPU.ActiveCfg = Release|Any CPU
		{414999C9-660F-4169-9EF7-FD140AE2F2D5}.Release|Any CPU.Build.0 = Release|Any CPU
	EndGlobalSection
	GlobalSection(SolutionProperties) = preSolution
		HideSolutionNode = FALSE
	EndGlobalSection
	GlobalSection(ExtensibilityGlobals) = postSolution
		SolutionGuid = {856FFC54-E80D-4167-B0F1-A369A5973926}
	EndGlobalSection
EndGlobal
